<?xml version="1.0" encoding="utf-8"?>
<Project ToolsVersion="4.0" xmlns="http://schemas.microsoft.com/developer/msbuild/2003">
  <ItemGroup>
    <Filter Include="Source Files">
      <UniqueIdentifier>{4FC737F1-C7A5-4376-A066-2A32D752A2FF}</UniqueIdentifier>
      <Extensions>cpp;c;cc;cxx;def;odl;idl;hpj;bat;asm;asmx</Extensions>
    </Filter>
    <Filter Include="Header Files">
      <UniqueIdentifier>{93995380-89BD-4b04-88EB-625FBE52EBFB}</UniqueIdentifier>
      <Extensions>h;hpp;hxx;hm;inl;inc;xsd</Extensions>
    </Filter>
    <Filter Include="Resource Files">
      <UniqueIdentifier>{67DA6AB6-F800-4c08-8B7A-83BB121AAD01}</UniqueIdentifier>
      <Extensions>rc;ico;cur;bmp;dlg;rc2;rct;bin;rgs;gif;jpg;jpeg;jpe;resx;tiff;tif;png;wav;mfcribbon-ms</Extensions>
    </Filter>
    <Filter Include="Source Files\Examples">
      <UniqueIdentifier>{2e5a8643-f700-49a1-a204-3411f26c917d}</UniqueIdentifier>
    </Filter>
  </ItemGroup>
  <ItemGroup>
    <ClInclude Include="Include\Window.h">
      <Filter>Header Files</Filter>
    </ClInclude>
    <ClInclude Include="Include\Box2D.h">
      <Filter>Header Files</Filter>
    </ClInclude>
    <ClInclude Include="Include\StateMachine.h">
      <Filter>Header Files</Filter>
    </ClInclude>
    <ClInclude Include="Include\State.h">
      <Filter>Header Files</Filter>
    </ClInclude>
    <ClInclude Include="Include\Doxy.h">
      <Filter>Header Files</Filter>
    </ClInclude>
    <ClInclude Include="Include\GameState.h">
      <Filter>Header Files</Filter>
    </ClInclude>
    <ClInclude Include="Include\CEMath.h">
      <Filter>Header Files</Filter>
    </ClInclude>
    <ClInclude Include="Include\Input.h">
      <Filter>Header Files</Filter>
    </ClInclude>
    <ClInclude Include="Include\ProgramControl.h">
      <Filter>Header Files</Filter>
    </ClInclude>
    <ClInclude Include="Include\GameData.h">
      <Filter>Header Files</Filter>
    </ClInclude>
    <ClInclude Include="Include\GameObject.h">
      <Filter>Header Files</Filter>
    </ClInclude>
    <ClInclude Include="Include\Vector2D.h">
      <Filter>Header Files</Filter>
    </ClInclude>
    <ClInclude Include="Include\Ray2D.h">
      <Filter>Header Files</Filter>
    </ClInclude>
    <ClInclude Include="Include\Circle2D.h">
      <Filter>Header Files</Filter>
    </ClInclude>
    <ClInclude Include="Include\Collision.h">
      <Filter>Header Files</Filter>
    </ClInclude>
    <ClInclude Include="Include\Resource.h">
      <Filter>Header Files</Filter>
    </ClInclude>
    <ClInclude Include="Include\GameResources.h">
      <Filter>Header Files</Filter>
    </ClInclude>
  </ItemGroup>
  <ItemGroup>
    <ClCompile Include="Source\Window.cpp">
      <Filter>Source Files</Filter>
    </ClCompile>
    <ClCompile Include="Source\Examples\ExampleWindow.cpp">
      <Filter>Source Files\Examples</Filter>
    </ClCompile>
    <ClCompile Include="Source\Box2D.cpp">
      <Filter>Source Files</Filter>
    </ClCompile>
    <ClCompile Include="Source\StateMachine.cpp">
      <Filter>Source Files</Filter>
    </ClCompile>
    <ClCompile Include="Source\Examples\ExampleStateMachine.cpp">
      <Filter>Source Files\Examples</Filter>
    </ClCompile>
    <ClCompile Include="Source\Input.cpp">
      <Filter>Source Files</Filter>
    </ClCompile>
    <ClCompile Include="Source\ProgramControl.cpp">
      <Filter>Source Files</Filter>
    </ClCompile>
    <ClCompile Include="Source\GameData.cpp">
      <Filter>Source Files</Filter>
    </ClCompile>
    <ClCompile Include="Source\GameObject.cpp">
      <Filter>Source Files</Filter>
    </ClCompile>
    <ClCompile Include="Source\Examples\ExampleInput.cpp">
      <Filter>Source Files\Examples</Filter>
    </ClCompile>
    <ClCompile Include="Source\Examples\ExampleGameData.cpp">
      <Filter>Source Files\Examples</Filter>
    </ClCompile>
    <ClCompile Include="Source\Vector2D.cpp">
      <Filter>Source Files</Filter>
    </ClCompile>
    <ClCompile Include="Source\Ray2D.cpp">
      <Filter>Source Files</Filter>
    </ClCompile>
    <ClCompile Include="Source\Circle2D.cpp">
      <Filter>Source Files</Filter>
    </ClCompile>
    <ClCompile Include="Source\Collision.cpp">
      <Filter>Source Files</Filter>
    </ClCompile>
    <ClCompile Include="Source\GameResources.cpp">
      <Filter>Source Files</Filter>
    </ClCompile>
    <ClCompile Include="Source\Examples\ExampleVector2D.cpp">
      <Filter>Source Files\Examples</Filter>
    </ClCompile>
    <ClCompile Include="Source\Examples\ExampleShapes.cpp">
      <Filter>Source Files\Examples</Filter>
    </ClCompile>
    <ClCompile Include="Source\Examples\ExampleMath.cpp">
      <Filter>Source Files\Examples</Filter>
    </ClCompile>
    <ClCompile Include="Source\Examples\ExampleProgramControl.cpp">
      <Filter>Source Files\Examples</Filter>
    </ClCompile>
  </ItemGroup>
  <ItemGroup>
    <None Include="EngineFeatures.txt" />
    <None Include="Notes.txt" />
  </ItemGroup>
</Project>